
Microsoft Visual Studio Solution File, Format Version 12.00
# Visual Studio Version 17
VisualStudioVersion = 17.0.31919.166
MinimumVisualStudioVersion = 10.0.40219.1
Project("{9A19103F-16F7-4668-BE54-9A1E7A4F7556}") = "MeowCoreTest", "MeowCoreTest\MeowCoreTest.csproj", "{C2B9912F-E786-476F-9F0A-6DB8EFD29516}"
EndProject
Project("{9A19103F-16F7-4668-BE54-9A1E7A4F7556}") = "Meow.Interpreter", "Meow.Interpreter\Meow.Interpreter.csproj", "{CFF167AD-1339-4469-AD63-B5B3C5A51827}"
EndProject
Project("{9A19103F-16F7-4668-BE54-9A1E7A4F7556}") = "Meow.Util", "Meow.Util\Meow.Util.csproj", "{7CDC0FD8-2D91-49E7-B507-38E96ADDAA8A}"
EndProject
Project("{9A19103F-16F7-4668-BE54-9A1E7A4F7556}") = "Meow.Weather", "Meow.Weather\Meow.Weather.csproj", "{52E6B205-BCE7-4F05-A037-7C383C417B2F}"
EndProject
Project("{9A19103F-16F7-4668-BE54-9A1E7A4F7556}") = "Meow.DataBase", "Meow.DataBase\Meow.DataBase.csproj", "{B1806B98-2C8D-49FD-82AD-34263AC6BCD3}"
EndProject
Project("{2150E333-8FDC-42A3-9474-1A3956D46DE8}") = "Solution Items", "Solution Items", "{5A977FE8-5410-495B-AB1B-25F2B9CC916E}"
	ProjectSection(SolutionItems) = preProject
		README.md = README.md
	EndProjectSection
EndProject
Project("{9A19103F-16F7-4668-BE54-9A1E7A4F7556}") = "Meow.FlightRadar", "Meow.FlightRadar\Meow.FlightRadar.csproj", "{E203AC88-E2E6-4C3D-A083-2C59FEA6A75F}"
EndProject
Project("{9A19103F-16F7-4668-BE54-9A1E7A4F7556}") = "Meow.TrainRadar", "Meow.TrainRadar\Meow.TrainRadar.csproj", "{D3906534-94C8-46AA-8724-B236E24224DB}"
EndProject
Project("{9A19103F-16F7-4668-BE54-9A1E7A4F7556}") = "Meow.Voice.Silk", "Meow.Voice.Silk\Meow.Voice.Silk\Meow.Voice.Silk.csproj", "{BBA3B815-20E8-4ED3-BA9B-5F538AD9D643}"
EndProject
Project("{2150E333-8FDC-42A3-9474-1A3956D46DE8}") = "MeowVoice", "MeowVoice", "{B794AC8A-F671-4869-943E-7A13D1EEBF6A}"
	ProjectSection(SolutionItems) = preProject
		Meow.Voice.Silk\README.md = Meow.Voice.Silk\README.md
	EndProjectSection
EndProject
Project("{9A19103F-16F7-4668-BE54-9A1E7A4F7556}") = "Meow.Voice.NativeAssets.Linux", "Meow.Voice.Silk\Meow.Voice.NativeAssets.Linux\Meow.Voice.NativeAssets.Linux.csproj", "{65D59BB2-3008-4662-8941-495A546F244D}"
EndProject
Project("{9A19103F-16F7-4668-BE54-9A1E7A4F7556}") = "Meow.Voice.NativeAssets.Windows", "Meow.Voice.Silk\Meow.Voice.NativeAssets.Windows\Meow.Voice.NativeAssets.Windows.csproj", "{846887B6-D97E-46A9-BA69-00266E1C3089}"
EndProject
Global
	GlobalSection(SolutionConfigurationPlatforms) = preSolution
		Debug|Any CPU = Debug|Any CPU
		Release|Any CPU = Release|Any CPU
	EndGlobalSection
	GlobalSection(ProjectConfigurationPlatforms) = postSolution
		{C2B9912F-E786-476F-9F0A-6DB8EFD29516}.Debug|Any CPU.ActiveCfg = Debug|Any CPU
		{C2B9912F-E786-476F-9F0A-6DB8EFD29516}.Debug|Any CPU.Build.0 = Debug|Any CPU
		{C2B9912F-E786-476F-9F0A-6DB8EFD29516}.Release|Any CPU.ActiveCfg = Release|Any CPU
		{C2B9912F-E786-476F-9F0A-6DB8EFD29516}.Release|Any CPU.Build.0 = Release|Any CPU
		{CFF167AD-1339-4469-AD63-B5B3C5A51827}.Debug|Any CPU.ActiveCfg = Debug|Any CPU
		{CFF167AD-1339-4469-AD63-B5B3C5A51827}.Debug|Any CPU.Build.0 = Debug|Any CPU
		{CFF167AD-1339-4469-AD63-B5B3C5A51827}.Release|Any CPU.ActiveCfg = Release|Any CPU
		{CFF167AD-1339-4469-AD63-B5B3C5A51827}.Release|Any CPU.Build.0 = Release|Any CPU
		{7CDC0FD8-2D91-49E7-B507-38E96ADDAA8A}.Debug|Any CPU.ActiveCfg = Debug|Any CPU
		{7CDC0FD8-2D91-49E7-B507-38E96ADDAA8A}.Debug|Any CPU.Build.0 = Debug|Any CPU
		{7CDC0FD8-2D91-49E7-B507-38E96ADDAA8A}.Release|Any CPU.ActiveCfg = Release|Any CPU
		{7CDC0FD8-2D91-49E7-B507-38E96ADDAA8A}.Release|Any CPU.Build.0 = Release|Any CPU
		{52E6B205-BCE7-4F05-A037-7C383C417B2F}.Debug|Any CPU.ActiveCfg = Debug|Any CPU
		{52E6B205-BCE7-4F05-A037-7C383C417B2F}.Debug|Any CPU.Build.0 = Debug|Any CPU
		{52E6B205-BCE7-4F05-A037-7C383C417B2F}.Release|Any CPU.ActiveCfg = Release|Any CPU
		{52E6B205-BCE7-4F05-A037-7C383C417B2F}.Release|Any CPU.Build.0 = Release|Any CPU
		{B1806B98-2C8D-49FD-82AD-34263AC6BCD3}.Debug|Any CPU.ActiveCfg = Debug|Any CPU
		{B1806B98-2C8D-49FD-82AD-34263AC6BCD3}.Debug|Any CPU.Build.0 = Debug|Any CPU
		{B1806B98-2C8D-49FD-82AD-34263AC6BCD3}.Release|Any CPU.ActiveCfg = Release|Any CPU
		{B1806B98-2C8D-49FD-82AD-34263AC6BCD3}.Release|Any CPU.Build.0 = Release|Any CPU
		{E203AC88-E2E6-4C3D-A083-2C59FEA6A75F}.Debug|Any CPU.ActiveCfg = Debug|Any CPU
		{E203AC88-E2E6-4C3D-A083-2C59FEA6A75F}.Debug|Any CPU.Build.0 = Debug|Any CPU
		{E203AC88-E2E6-4C3D-A083-2C59FEA6A75F}.Release|Any CPU.ActiveCfg = Release|Any CPU
		{E203AC88-E2E6-4C3D-A083-2C59FEA6A75F}.Release|Any CPU.Build.0 = Release|Any CPU
		{D3906534-94C8-46AA-8724-B236E24224DB}.Debug|Any CPU.ActiveCfg = Debug|Any CPU
		{D3906534-94C8-46AA-8724-B236E24224DB}.Debug|Any CPU.Build.0 = Debug|Any CPU
		{D3906534-94C8-46AA-8724-B236E24224DB}.Release|Any CPU.ActiveCfg = Release|Any CPU
		{D3906534-94C8-46AA-8724-B236E24224DB}.Release|Any CPU.Build.0 = Release|Any CPU
		{BBA3B815-20E8-4ED3-BA9B-5F538AD9D643}.Debug|Any CPU.ActiveCfg = Debug|Any CPU
		{BBA3B815-20E8-4ED3-BA9B-5F538AD9D643}.Debug|Any CPU.Build.0 = Debug|Any CPU
		{BBA3B815-20E8-4ED3-BA9B-5F538AD9D643}.Release|Any CPU.ActiveCfg = Release|Any CPU
		{BBA3B815-20E8-4ED3-BA9B-5F538AD9D643}.Release|Any CPU.Build.0 = Release|Any CPU
		{65D59BB2-3008-4662-8941-495A546F244D}.Debug|Any CPU.ActiveCfg = Debug|Any CPU
		{65D59BB2-3008-4662-8941-495A546F244D}.Debug|Any CPU.Build.0 = Debug|Any CPU
		{65D59BB2-3008-4662-8941-495A546F244D}.Release|Any CPU.ActiveCfg = Release|Any CPU
		{65D59BB2-3008-4662-8941-495A546F244D}.Release|Any CPU.Build.0 = Release|Any CPU
		{846887B6-D97E-46A9-BA69-00266E1C3089}.Debug|Any CPU.ActiveCfg = Debug|Any CPU
		{846887B6-D97E-46A9-BA69-00266E1C3089}.Debug|Any CPU.Build.0 = Debug|Any CPU
		{846887B6-D97E-46A9-BA69-00266E1C3089}.Release|Any CPU.ActiveCfg = Release|Any CPU
		{846887B6-D97E-46A9-BA69-00266E1C3089}.Release|Any CPU.Build.0 = Release|Any CPU
	EndGlobalSection
	GlobalSection(SolutionProperties) = preSolution
		HideSolutionNode = FALSE
	EndGlobalSection
	GlobalSection(NestedProjects) = preSolution
		{BBA3B815-20E8-4ED3-BA9B-5F538AD9D643} = {B794AC8A-F671-4869-943E-7A13D1EEBF6A}
		{65D59BB2-3008-4662-8941-495A546F244D} = {B794AC8A-F671-4869-943E-7A13D1EEBF6A}
		{846887B6-D97E-46A9-BA69-00266E1C3089} = {B794AC8A-F671-4869-943E-7A13D1EEBF6A}
	EndGlobalSection
	GlobalSection(ExtensibilityGlobals) = postSolution
		SolutionGuid = {A38F47BA-7A1E-4752-8B3F-EFA5309E8BDE}
	EndGlobalSection
EndGlobal
